// !$*UTF8*$!
{
	archiveVersion = 1;
	classes = {
	};
	objectVersion = 50;
	objects = {

/* Begin PBXBuildFile section */
		40086C0723143E54009F764C /* WebKit.framework in Frameworks */ = {isa = PBXBuildFile; fileRef = 40086C0623143E54009F764C /* WebKit.framework */; };
		40597C52222C8715006D2C9F /* PDF in Resources */ = {isa = PBXBuildFile; fileRef = 40597C51222C8715006D2C9F /* PDF */; };
		40C2A6DF221E287900ED67F0 /* AppDelegate.swift in Sources */ = {isa = PBXBuildFile; fileRef = 40C2A6DE221E287900ED67F0 /* AppDelegate.swift */; };
		40C2A6E1221E287900ED67F0 /* ViewController.swift in Sources */ = {isa = PBXBuildFile; fileRef = 40C2A6E0221E287900ED67F0 /* ViewController.swift */; };
		40C2A6E4221E287900ED67F0 /* Main.storyboard in Resources */ = {isa = PBXBuildFile; fileRef = 40C2A6E2221E287900ED67F0 /* Main.storyboard */; };
		40C2A6E6221E287B00ED67F0 /* Assets.xcassets in Resources */ = {isa = PBXBuildFile; fileRef = 40C2A6E5221E287B00ED67F0 /* Assets.xcassets */; };
		40C2A6E9221E287B00ED67F0 /* LaunchScreen.storyboard in Resources */ = {isa = PBXBuildFile; fileRef = 40C2A6E7221E287B00ED67F0 /* LaunchScreen.storyboard */; };
		40C2A6F1221F4BAD00ED67F0 /* ViewController2.swift in Sources */ = {isa = PBXBuildFile; fileRef = 40C2A6F0221F4BAD00ED67F0 /* ViewController2.swift */; };
/* End PBXBuildFile section */

/* Begin PBXFileReference section */
		40086C0623143E54009F764C /* WebKit.framework */ = {isa = PBXFileReference; lastKnownFileType = wrapper.framework; name = WebKit.framework; path = System/Library/Frameworks/WebKit.framework; sourceTree = SDKROOT; };
		40597C51222C8715006D2C9F /* PDF */ = {isa = PBXFileReference; lastKnownFileType = folder; path = PDF; sourceTree = "<group>"; };
		40C2A6DB221E287900ED67F0 /* Tablas.app */ = {isa = PBXFileReference; explicitFileType = wrapper.application; includeInIndex = 0; path = Tablas.app; sourceTree = BUILT_PRODUCTS_DIR; };
		40C2A6DE221E287900ED67F0 /* AppDelegate.swift */ = {isa = PBXFileReference; lastKnownFileType = sourcecode.swift; path = AppDelegate.swift; sourceTree = "<group>"; };
		40C2A6E0221E287900ED67F0 /* ViewController.swift */ = {isa = PBXFileReference; lastKnownFileType = sourcecode.swift; path = ViewController.swift; sourceTree = "<group>"; };
		40C2A6E3221E287900ED67F0 /* Base */ = {isa = PBXFileReference; lastKnownFileType = file.storyboard; name = Base; path = Base.lproj/Main.storyboard; sourceTree = "<group>"; };
		40C2A6E5221E287B00ED67F0 /* Assets.xcassets */ = {isa = PBXFileReference; lastKnownFileType = folder.assetcatalog; path = Assets.xcassets; sourceTree = "<group>"; };
		40C2A6E8221E287B00ED67F0 /* Base */ = {isa = PBXFileReference; lastKnownFileType = file.storyboard; name = Base; path = Base.lproj/LaunchScreen.storyboard; sourceTree = "<group>"; };
		40C2A6EA221E287B00ED67F0 /* Info.plist */ = {isa = PBXFileReference; lastKnownFileType = text.plist.xml; path = Info.plist; sourceTree = "<group>"; };
		40C2A6F0221F4BAD00ED67F0 /* ViewController2.swift */ = {isa = PBXFileReference; lastKnownFileType = sourcecode.swift; path = ViewController2.swift; sourceTree = "<group>"; };
		40C2A6F22220FA8E00ED67F0 /* ProtocolosDelegados.playground */ = {isa = PBXFileReference; lastKnownFileType = file.playground; path = ProtocolosDelegados.playground; sourceTree = "<group>"; xcLanguageSpecificationIdentifier = xcode.lang.swift; };
/* End PBXFileReference section */

/* Begin PBXFrameworksBuildPhase section */
		40C2A6D8221E287900ED67F0 /* Frameworks */ = {
			isa = PBXFrameworksBuildPhase;
			buildActionMask = 2147483647;
			files = (
				40086C0723143E54009F764C /* WebKit.framework in Frameworks */,
			);
			runOnlyForDeploymentPostprocessing = 0;
		};
/* End PBXFrameworksBuildPhase section */

/* Begin PBXGroup section */
		40086C0523143E54009F764C /* Frameworks */ = {
			isa = PBXGroup;
			children = (
				40086C0623143E54009F764C /* WebKit.framework */,
			);
			name = Frameworks;
			sourceTree = "<group>";
		};
		40C2A6D2221E287900ED67F0 = {
			isa = PBXGroup;
			children = (
				40C2A6DD221E287900ED67F0 /* Tablas */,
				40C2A6DC221E287900ED67F0 /* Products */,
				40086C0523143E54009F764C /* Frameworks */,
			);
			sourceTree = "<group>";
		};
		40C2A6DC221E287900ED67F0 /* Products */ = {
			isa = PBXGroup;
			children = (
				40C2A6DB221E287900ED67F0 /* Tablas.app */,
			);
			name = Products;
			sourceTree = "<group>";
		};
		40C2A6DD221E287900ED67F0 /* Tablas */ = {
			isa = PBXGroup;
			children = (
				40C2A6DE221E287900ED67F0 /* AppDelegate.swift */,
				40C2A6E0221E287900ED67F0 /* ViewController.swift */,
				40C2A6F0221F4BAD00ED67F0 /* ViewController2.swift */,
				40597C51222C8715006D2C9F /* PDF */,
				40C2A6F22220FA8E00ED67F0 /* ProtocolosDelegados.playground */,
				40C2A6E2221E287900ED67F0 /* Main.storyboard */,
				40C2A6E5221E287B00ED67F0 /* Assets.xcassets */,
				40C2A6E7221E287B00ED67F0 /* LaunchScreen.storyboard */,
				40C2A6EA221E287B00ED67F0 /* Info.plist */,
			);
			path = Tablas;
			sourceTree = "<group>";
		};
/* End PBXGroup section */

/* Begin PBXNativeTarget section */
		40C2A6DA221E287900ED67F0 /* Tablas */ = {
			isa = PBXNativeTarget;
			buildConfigurationList = 40C2A6ED221E287B00ED67F0 /* Build configuration list for PBXNativeTarget "Tablas" */;
			buildPhases = (
				40C2A6D7221E287900ED67F0 /* Sources */,
				40C2A6D8221E287900ED67F0 /* Frameworks */,
				40C2A6D9221E287900ED67F0 /* Resources */,
			);
			buildRules = (
			);
			dependencies = (
			);
			name = Tablas;
			productName = Tablas;
			productReference = 40C2A6DB221E287900ED67F0 /* Tablas.app */;
			productType = "com.apple.product-type.application";
		};
/* End PBXNativeTarget section */

/* Begin PBXProject section */
		40C2A6D3221E287900ED67F0 /* Project object */ = {
			isa = PBXProject;
			attributes = {
				LastSwiftUpdateCheck = 1010;
				LastUpgradeCheck = 1010;
				ORGANIZATIONNAME = R.Fuentes;
				TargetAttributes = {
					40C2A6DA221E287900ED67F0 = {
						CreatedOnToolsVersion = 10.1;
						LastSwiftMigration = 1030;
					};
				};
			};
			buildConfigurationList = 40C2A6D6221E287900ED67F0 /* Build configuration list for PBXProject "Tablas" */;
			compatibilityVersion = "Xcode 9.3";
			developmentRegion = en;
			hasScannedForEncodings = 0;
			knownRegions = (
				en,
				Base,
			);
			mainGroup = 40C2A6D2221E287900ED67F0;
			productRefGroup = 40C2A6DC221E287900ED67F0 /* Products */;
			projectDirPath = "";
			projectRoot = "";
			targets = (
				40C2A6DA221E287900ED67F0 /* Tablas */,
			);
		};
/* End PBXProject section */

/* Begin PBXResourcesBuildPhase section */
		40C2A6D9221E287900ED67F0 /* Resources */ = {
			isa = PBXResourcesBuildPhase;
			buildActionMask = 2147483647;
			files = (
				40C2A6E9221E287B00ED67F0 /* LaunchScreen.storyboard in Resources */,
				40597C52222C8715006D2C9F /* PDF in Resources */,
				40C2A6E6221E287B00ED67F0 /* Assets.xcassets in Resources */,
				40C2A6E4221E287900ED67F0 /* Main.storyboard in Resources */,
			);
			runOnlyForDeploymentPostprocessing = 0;
		};
/* End PBXResourcesBuildPhase section */

/* Begin PBXSourcesBuildPhase section */
		40C2A6D7221E287900ED67F0 /* Sources */ = {
			isa = PBXSourcesBuildPhase;
			buildActionMask = 2147483647;
			files = (
				40C2A6E1221E287900ED67F0 /* ViewController.swift in Sources */,
				40C2A6DF221E287900ED67F0 /* AppDelegate.swift in Sources */,
				40C2A6F1221F4BAD00ED67F0 /* ViewController2.swift in Sources */,
			);
			runOnlyForDeploymentPostprocessing = 0;
		};
/* End PBXSourcesBuildPhase section */

/* Begin PBXVariantGroup section */
		40C2A6E2221E287900ED67F0 /* Main.storyboard */ = {
			isa = PBXVariantGroup;
			children = (
				40C2A6E3221E287900ED67F0 /* Base */,
			);
			name = Main.storyboard;
			sourceTree = "<group>";
		};
		40C2A6E7221E287B00ED67F0 /* LaunchScreen.storyboard */ = {
			isa = PBXVariantGroup;
			children = (
				40C2A6E8221E287B00ED67F0 /* Base */,
			);
			name = LaunchScreen.storyboard;
			sourceTree = "<group>";
		};
/* End PBXVariantGroup section */

/* Begin XCBuildConfiguration section */
		40C2A6EB221E287B00ED67F0 /* Debug */ = {
			isa = XCBuildConfiguration;
			buildSettings = {
				ALWAYS_SEARCH_USER_PATHS = NO;
				CLANG_ANALYZER_NONNULL = YES;
				CLANG_ANALYZER_NUMBER_OBJECT_CONVERSION = YES_AGGRESSIVE;
				CLANG_CXX_LANGUAGE_STANDARD = "gnu++14";
				CLANG_CXX_LIBRARY = "libc++";
				CLANG_ENABLE_MODULES = YES;
				CLANG_ENABLE_OBJC_ARC = YES;
				CLANG_ENABLE_OBJC_WEAK = YES;
				CLANG_WARN_BLOCK_CAPTURE_AUTORELEASING = YES;
				CLANG_WARN_BOOL_CONVERSION = YES;
				CLANG_WARN_COMMA = YES;
				CLANG_WARN_CONSTANT_CONVERSION = YES;
				CLANG_WARN_DEPRECATED_OBJC_IMPLEMENTATIONS = YES;
				CLANG_WARN_DIRECT_OBJC_ISA_USAGE = YES_ERROR;
				CLANG_WARN_DOCUMENTATION_COMMENTS = YES;
				CLANG_WARN_EMPTY_BODY = YES;
				CLANG_WARN_ENUM_CONVERSION = YES;
				CLANG_WARN_INFINITE_RECURSION = YES;
				CLANG_WARN_INT_CONVERSION = YES;
				CLANG_WARN_NON_LITERAL_NULL_CONVERSION = YES;
				CLANG_WARN_OBJC_IMPLICIT_RETAIN_SELF = YES;
				CLANG_WARN_OBJC_LITERAL_CONVERSION = YES;
				CLANG_WARN_OBJC_ROOT_CLASS = YES_ERROR;
				CLANG_WARN_RANGE_LOOP_ANALYSIS = YES;
				CLANG_WARN_STRICT_PROTOTYPES = YES;
				CLANG_WARN_SUSPICIOUS_MOVE = YES;
				CLANG_WARN_UNGUARDED_AVAILABILITY = YES_AGGRESSIVE;
				CLANG_WARN_UNREACHABLE_CODE = YES;
				CLANG_WARN__DUPLICATE_METHOD_MATCH = YES;
				CODE_SIGN_IDENTITY = "iPhone Developer";
				COPY_PHASE_STRIP = NO;
				DEBUG_INFORMATION_FORMAT = dwarf;
				ENABLE_STRICT_OBJC_MSGSEND = YES;
				ENABLE_TESTABILITY = YES;
				GCC_C_LANGUAGE_STANDARD = gnu11;
				GCC_DYNAMIC_NO_PIC = NO;
				GCC_NO_COMMON_BLOCKS = YES;
				GCC_OPTIMIZATION_LEVEL = 0;
				GCC_PREPROCESSOR_DEFINITIONS = (
					"DEBUG=1",
					"$(inherited)",
				);
				GCC_WARN_64_TO_32_BIT_CONVERSION = YES;
				GCC_WARN_ABOUT_RETURN_TYPE = YES_ERROR;
				GCC_WARN_UNDECLARED_SELECTOR = YES;
				GCC_WARN_UNINITIALIZED_AUTOS = YES_AGGRESSIVE;
				GCC_WARN_UNUSED_FUNCTION = YES;
				GCC_WARN_UNUSED_VARIABLE = YES;
				IPHONEOS_DEPLOYMENT_TARGET = 12.1;
				MTL_ENABLE_DEBUG_INFO = INCLUDE_SOURCE;
				MTL_FAST_MATH = YES;
				ONLY_ACTIVE_ARCH = YES;
				SDKROOT = iphoneos;
				SWIFT_ACTIVE_COMPILATION_CONDITIONS = DEBUG;
				SWIFT_OPTIMIZATION_LEVEL = "-Onone";
			};
			name = Debug;
		};
		40C2A6EC221E287B00ED67F0 /* Release */ = {
			isa = XCBuildConfiguration;
			buildSettings = {
				ALWAYS_SEARCH_USER_PATHS = NO;
				CLANG_ANALYZER_NONNULL = YES;
				CLANG_ANALYZER_NUMBER_OBJECT_CONVERSION = YES_AGGRESSIVE;
				CLANG_CXX_LANGUAGE_STANDARD = "gnu++14";
				CLANG_CXX_LIBRARY = "libc++";
				CLANG_ENABLE_MODULES = YES;
				CLANG_ENABLE_OBJC_ARC = YES;
				CLANG_ENABLE_OBJC_WEAK = YES;
				CLANG_WARN_BLOCK_CAPTURE_AUTORELEASING = YES;
				CLANG_WARN_BOOL_CONVERSION = YES;
				CLANG_WARN_COMMA = YES;
				CLANG_WARN_CONSTANT_CONVERSION = YES;
				CLANG_WARN_DEPRECATED_OBJC_IMPLEMENTATIONS = YES;
				CLANG_WARN_DIRECT_OBJC_ISA_USAGE = YES_ERROR;
				CLANG_WARN_DOCUMENTATION_COMMENTS = YES;
				CLANG_WARN_EMPTY_BODY = YES;
				CLANG_WARN_ENUM_CONVERSION = YES;
				CLANG_WARN_INFINITE_RECURSION = YES;
				CLANG_WARN_INT_CONVERSION = YES;
				CLANG_WARN_NON_LITERAL_NULL_CONVERSION = YES;
				CLANG_WARN_OBJC_IMPLICIT_RETAIN_SELF = YES;
				CLANG_WARN_OBJC_LITERAL_CONVERSION = YES;
				CLANG_WARN_OBJC_ROOT_CLASS = YES_ERROR;
				CLANG_WARN_RANGE_LOOP_ANALYSIS = YES;
				CLANG_WARN_STRICT_PROTOTYPES = YES;
				CLANG_WARN_SUSPICIOUS_MOVE = YES;
				CLANG_WARN_UNGUARDED_AVAILABILITY = YES_AGGRESSIVE;
				CLANG_WARN_UNREACHABLE_CODE = YES;
				CLANG_WARN__DUPLICATE_METHOD_MATCH = YES;
				CODE_SIGN_IDENTITY = "iPhone Developer";
				COPY_PHASE_STRIP = NO;
				DEBUG_INFORMATION_FORMAT = "dwarf-with-dsym";
				ENABLE_NS_ASSERTIONS = NO;
				ENABLE_STRICT_OBJC_MSGSEND = YES;
				GCC_C_LANGUAGE_STANDARD = gnu11;
				GCC_NO_COMMON_BLOCKS = YES;
				GCC_WARN_64_TO_32_BIT_CONVERSION = YES;
				GCC_WARN_ABOUT_RETURN_TYPE = YES_ERROR;
				GCC_WARN_UNDECLARED_SELECTOR = YES;
				GCC_WARN_UNINITIALIZED_AUTOS = YES_AGGRESSIVE;
				GCC_WARN_UNUSED_FUNCTION = YES;
				GCC_WARN_UNUSED_VARIABLE = YES;
				IPHONEOS_DEPLOYMENT_TARGET = 12.1;
				MTL_ENABLE_DEBUG_INFO = NO;
				MTL_FAST_MATH = YES;
				SDKROOT = iphoneos;
				SWIFT_COMPILATION_MODE = wholemodule;
				SWIFT_OPTIMIZATION_LEVEL = "-O";
				VALIDATE_PRODUCT = YES;
			};
			name = Release;
		};
		40C2A6EE221E287B00ED67F0 /* Debug */ = {
			isa = XCBuildConfiguration;
			buildSettings = {
				ASSETCATALOG_COMPILER_APPICON_NAME = AppIcon;
				CODE_SIGN_STYLE = Automatic;
				DEVELOPMENT_TEAM = C4C4FJJHB5;
				INFOPLIST_FILE = Tablas/Info.plist;
				LD_RUNPATH_SEARCH_PATHS = (
					"$(inherited)",
					"@executable_path/Frameworks",
				);
				PRODUCT_BUNDLE_IDENTIFIER = com.AppsRobert.Tablas;
				PRODUCT_NAME = "$(TARGET_NAME)";
				SWIFT_VERSION = 5.0;
				TARGETED_DEVICE_FAMILY = "1,2";
			};
			name = Debug;
		};
		40C2A6EF221E287B00ED67F0 /* Release */ = {
			isa = XCBuildConfiguration;
			buildSettings = {
				ASSETCATALOG_COMPILER_APPICON_NAME = AppIcon;
				CODE_SIGN_STYLE = Automatic;
				DEVELOPMENT_TEAM = C4C4FJJHB5;
				INFOPLIST_FILE = Tablas/Info.plist;
				LD_RUNPATH_SEARCH_PATHS = (
					"$(inherited)",
					"@executable_path/Frameworks",
				);
				PRODUCT_BUNDLE_IDENTIFIER = com.AppsRobert.Tablas;
				PRODUCT_NAME = "$(TARGET_NAME)";
				SWIFT_VERSION = 5.0;
				TARGETED_DEVICE_FAMILY = "1,2";
			};
			name = Release;
		};
/* End XCBuildConfiguration section */

/* Begin XCConfigurationList section */
		40C2A6D6221E287900ED67F0 /* Build configuration list for PBXProject "Tablas" */ = {
			isa = XCConfigurationList;
			buildConfigurations = (
				40C2A6EB221E287B00ED67F0 /* Debug */,
				40C2A6EC221E287B00ED67F0 /* Release */,
			);
			defaultConfigurationIsVisible = 0;
			defaultConfigurationName = Release;
		};
		40C2A6ED221E287B00ED67F0 /* Build configuration list for PBXNativeTarget "Tablas" */ = {
			isa = XCConfigurationList;
			buildConfigurations = (
				40C2A6EE221E287B00ED67F0 /* Debug */,
				40C2A6EF221E287B00ED67F0 /* Release */,
			);
			defaultConfigurationIsVisible = 0;
			defaultConfigurationName = Release;
		};
/* End XCConfigurationList section */
	};
	rootObject = 40C2A6D3221E287900ED67F0 /* Project object */;
}
